
Microsoft Visual Studio Solution File, Format Version 12.00
# Visual Studio Version 17
VisualStudioVersion = 17.13.35825.156
MinimumVisualStudioVersion = 10.0.40219.1
Project("{FAE04EC0-301F-11D3-BF4B-00C04F79EFBC}") = "ABCRetailers", "ABCRetailers.csproj", "{1B2CF2FF-AE0F-46D0-8E1B-B2CA488DD762}"
EndProject
Project("{FAE04EC0-301F-11D3-BF4B-00C04F79EFBC}") = "ABCRetailers.Functions", "..\..\..\ABCRetailers.Functions\ABCRetailers.Functions\ABCRetailers.Functions.csproj", "{49957A91-0998-138F-5D8D-27C9410BBA6B}"
EndProject
Global
	GlobalSection(SolutionConfigurationPlatforms) = preSolution
		Debug|Any CPU = Debug|Any CPU
		Release|Any CPU = Release|Any CPU
	EndGlobalSection
	GlobalSection(ProjectConfigurationPlatforms) = postSolution
		{1B2CF2FF-AE0F-46D0-8E1B-B2CA488DD762}.Debug|Any CPU.ActiveCfg = Debug|Any CPU
		{1B2CF2FF-AE0F-46D0-8E1B-B2CA488DD762}.Debug|Any CPU.Build.0 = Debug|Any CPU
		{1B2CF2FF-AE0F-46D0-8E1B-B2CA488DD762}.Release|Any CPU.ActiveCfg = Release|Any CPU
		{1B2CF2FF-AE0F-46D0-8E1B-B2CA488DD762}.Release|Any CPU.Build.0 = Release|Any CPU
		{49957A91-0998-138F-5D8D-27C9410BBA6B}.Debug|Any CPU.ActiveCfg = Debug|Any CPU
		{49957A91-0998-138F-5D8D-27C9410BBA6B}.Debug|Any CPU.Build.0 = Debug|Any CPU
		{49957A91-0998-138F-5D8D-27C9410BBA6B}.Release|Any CPU.ActiveCfg = Release|Any CPU
		{49957A91-0998-138F-5D8D-27C9410BBA6B}.Release|Any CPU.Build.0 = Release|Any CPU
	EndGlobalSection
	GlobalSection(SolutionProperties) = preSolution
		HideSolutionNode = FALSE
	EndGlobalSection
	GlobalSection(ExtensibilityGlobals) = postSolution
		SolutionGuid = {925688DF-524E-4265-B86F-9915B0220BBC}
	EndGlobalSection
EndGlobal
